
Microsoft Visual Studio Solution File, Format Version 12.00
# Visual Studio Version 16
VisualStudioVersion = 16.0.29920.165
MinimumVisualStudioVersion = 10.0.40219.1
Project("{FAE04EC0-301F-11D3-BF4B-00C04F79EFBC}") = "ffcrm.UserEmailService", "ffcrm.UserEmailService.csproj", "{413A3C56-4A90-4A8E-BC06-A3862F6FD2F5}"
EndProject
Global
	GlobalSection(SolutionConfigurationPlatforms) = preSolution
		Debug|Any CPU = Debug|Any CPU
		Release|Any CPU = Release|Any CPU
	EndGlobalSection
	GlobalSection(ProjectConfigurationPlatforms) = postSolution
		{413A3C56-4A90-4A8E-BC06-A3862F6FD2F5}.Debug|Any CPU.ActiveCfg = Debug|Any CPU
		{413A3C56-4A90-4A8E-BC06-A3862F6FD2F5}.Debug|Any CPU.Build.0 = Debug|Any CPU
		{413A3C56-4A90-4A8E-BC06-A3862F6FD2F5}.Release|Any CPU.ActiveCfg = Release|Any CPU
		{413A3C56-4A90-4A8E-BC06-A3862F6FD2F5}.Release|Any CPU.Build.0 = Release|Any CPU
	EndGlobalSection
	GlobalSection(SolutionProperties) = preSolution
		HideSolutionNode = FALSE
	EndGlobalSection
	GlobalSection(ExtensibilityGlobals) = postSolution
		SolutionGuid = {44386E19-C477-4AFD-9555-66D429E88FC7}
	EndGlobalSection
EndGlobal
